
Microsoft Visual Studio Solution File, Format Version 12.00
Project("{FAE04EC0-301F-11D3-BF4B-00C04F79EFBC}") = "DZ4-5", "DZ4-5\DZ4-5.csproj", "{A626ABAF-FC6A-494F-A869-2D0BEF72EEA3}"
EndProject
Global
	GlobalSection(SolutionConfigurationPlatforms) = preSolution
		Debug|Any CPU = Debug|Any CPU
		Release|Any CPU = Release|Any CPU
	EndGlobalSection
	GlobalSection(ProjectConfigurationPlatforms) = postSolution
		{A626ABAF-FC6A-494F-A869-2D0BEF72EEA3}.Debug|Any CPU.ActiveCfg = Debug|Any CPU
		{A626ABAF-FC6A-494F-A869-2D0BEF72EEA3}.Debug|Any CPU.Build.0 = Debug|Any CPU
		{A626ABAF-FC6A-494F-A869-2D0BEF72EEA3}.Release|Any CPU.ActiveCfg = Release|Any CPU
		{A626ABAF-FC6A-494F-A869-2D0BEF72EEA3}.Release|Any CPU.Build.0 = Release|Any CPU
	EndGlobalSection
EndGlobal
